
Microsoft Visual Studio Solution File, Format Version 12.00
# Visual Studio Version 17
VisualStudioVersion = 17.0.31903.59
MinimumVisualStudioVersion = 10.0.40219.1
Project("{FAE04EC0-301F-11D3-BF4B-00C04F79EFBC}") = "key-vault-app", "key-vault-app.csproj", "{EAC22CBC-EBC4-4FF6-811B-B85A4823A8C3}"
EndProject
Global
	GlobalSection(SolutionConfigurationPlatforms) = preSolution
		Debug|Any CPU = Debug|Any CPU
		Release|Any CPU = Release|Any CPU
	EndGlobalSection
	GlobalSection(SolutionProperties) = preSolution
		HideSolutionNode = FALSE
	EndGlobalSection
	GlobalSection(ProjectConfigurationPlatforms) = postSolution
		{EAC22CBC-EBC4-4FF6-811B-B85A4823A8C3}.Debug|Any CPU.ActiveCfg = Debug|Any CPU
		{EAC22CBC-EBC4-4FF6-811B-B85A4823A8C3}.Debug|Any CPU.Build.0 = Debug|Any CPU
		{EAC22CBC-EBC4-4FF6-811B-B85A4823A8C3}.Release|Any CPU.ActiveCfg = Release|Any CPU
		{EAC22CBC-EBC4-4FF6-811B-B85A4823A8C3}.Release|Any CPU.Build.0 = Release|Any CPU
	EndGlobalSection
EndGlobal
